
Microsoft Visual Studio Solution File, Format Version 12.00
# Visual Studio 15
VisualStudioVersion = 15.0.28307.489
MinimumVisualStudioVersion = 10.0.40219.1
Project("{FAE04EC0-301F-11D3-BF4B-00C04F79EFBC}") = "XMGAME.Comm", "XMGAME.Comm\XMGAME.Comm.csproj", "{E8628669-5FC6-46C3-B490-4860BE0490A7}"
EndProject
Project("{FAE04EC0-301F-11D3-BF4B-00C04F79EFBC}") = "XMGAME.IDAL", "XMGAME.IDAL\XMGAME.IDAL.csproj", "{C2C7E1B5-50AA-4CCD-8CC6-D039144B8704}"
EndProject
Project("{FAE04EC0-301F-11D3-BF4B-00C04F79EFBC}") = "XMGAME.DAL", "XMGAME.DAL\XMGAME.DAL.csproj", "{C2582785-815F-4FE6-889E-EB860CED9D9D}"
EndProject
Project("{FAE04EC0-301F-11D3-BF4B-00C04F79EFBC}") = "XMGAME.Model", "XMGAME.Model\XMGAME.Model.csproj", "{623A8305-753D-4CD5-8FD7-2E7311DF6B5A}"
EndProject
Project("{FAE04EC0-301F-11D3-BF4B-00C04F79EFBC}") = "XMGAME.BLL", "XMGAME.BLL\XMGAME.BLL.csproj", "{E800B0F1-7FF6-4C06-B68C-F9F8772692CB}"
EndProject
Project("{FAE04EC0-301F-11D3-BF4B-00C04F79EFBC}") = "XMGAME.DATA", "XMGAME.DATA\XMGAME.DATA.csproj", "{BB285580-8C9B-49EF-B398-DCBC3D033728}"
EndProject
Project("{FAE04EC0-301F-11D3-BF4B-00C04F79EFBC}") = "SocketStart", "SocketStart\SocketStart.csproj", "{CA29A750-D575-45C7-8B5E-C421DF22E0CE}"
EndProject
Project("{FAE04EC0-301F-11D3-BF4B-00C04F79EFBC}") = "XMGAME.ConsoleApp4Test", "XMGAME.ConsoleApp4Test\XMGAME.ConsoleApp4Test.csproj", "{3C316D17-CC5E-4444-9FEC-C3386EECCF4F}"
EndProject
Project("{FAE04EC0-301F-11D3-BF4B-00C04F79EFBC}") = "XMGAME.API", "XMGAME.API\XMGAME.API.csproj", "{5FF3DBBF-E39E-4742-BF9B-5E97F09A1466}"
EndProject
Project("{FAE04EC0-301F-11D3-BF4B-00C04F79EFBC}") = "UnitTestProject", "UnitTestProject\UnitTestProject.csproj", "{725FE093-8E4C-4E9F-8ACE-D9BEC9E54CB7}"
EndProject
Project("{FAE04EC0-301F-11D3-BF4B-00C04F79EFBC}") = "XMGAME.BACKSTAGE", "XMGAME.BACKSTAGE\XMGAME.BACKSTAGE.csproj", "{63E8CAE7-A081-45DC-8FA0-5654581CCDD2}"
EndProject
Global
	GlobalSection(SolutionConfigurationPlatforms) = preSolution
		Debug|Any CPU = Debug|Any CPU
		Release|Any CPU = Release|Any CPU
	EndGlobalSection
	GlobalSection(ProjectConfigurationPlatforms) = postSolution
		{E8628669-5FC6-46C3-B490-4860BE0490A7}.Debug|Any CPU.ActiveCfg = Debug|Any CPU
		{E8628669-5FC6-46C3-B490-4860BE0490A7}.Debug|Any CPU.Build.0 = Debug|Any CPU
		{E8628669-5FC6-46C3-B490-4860BE0490A7}.Release|Any CPU.ActiveCfg = Release|Any CPU
		{E8628669-5FC6-46C3-B490-4860BE0490A7}.Release|Any CPU.Build.0 = Release|Any CPU
		{C2C7E1B5-50AA-4CCD-8CC6-D039144B8704}.Debug|Any CPU.ActiveCfg = Debug|Any CPU
		{C2C7E1B5-50AA-4CCD-8CC6-D039144B8704}.Debug|Any CPU.Build.0 = Debug|Any CPU
		{C2C7E1B5-50AA-4CCD-8CC6-D039144B8704}.Release|Any CPU.ActiveCfg = Release|Any CPU
		{C2C7E1B5-50AA-4CCD-8CC6-D039144B8704}.Release|Any CPU.Build.0 = Release|Any CPU
		{C2582785-815F-4FE6-889E-EB860CED9D9D}.Debug|Any CPU.ActiveCfg = Debug|Any CPU
		{C2582785-815F-4FE6-889E-EB860CED9D9D}.Debug|Any CPU.Build.0 = Debug|Any CPU
		{C2582785-815F-4FE6-889E-EB860CED9D9D}.Release|Any CPU.ActiveCfg = Release|Any CPU
		{C2582785-815F-4FE6-889E-EB860CED9D9D}.Release|Any CPU.Build.0 = Release|Any CPU
		{623A8305-753D-4CD5-8FD7-2E7311DF6B5A}.Debug|Any CPU.ActiveCfg = Debug|Any CPU
		{623A8305-753D-4CD5-8FD7-2E7311DF6B5A}.Debug|Any CPU.Build.0 = Debug|Any CPU
		{623A8305-753D-4CD5-8FD7-2E7311DF6B5A}.Release|Any CPU.ActiveCfg = Release|Any CPU
		{623A8305-753D-4CD5-8FD7-2E7311DF6B5A}.Release|Any CPU.Build.0 = Release|Any CPU
		{E800B0F1-7FF6-4C06-B68C-F9F8772692CB}.Debug|Any CPU.ActiveCfg = Debug|Any CPU
		{E800B0F1-7FF6-4C06-B68C-F9F8772692CB}.Debug|Any CPU.Build.0 = Debug|Any CPU
		{E800B0F1-7FF6-4C06-B68C-F9F8772692CB}.Release|Any CPU.ActiveCfg = Release|Any CPU
		{E800B0F1-7FF6-4C06-B68C-F9F8772692CB}.Release|Any CPU.Build.0 = Release|Any CPU
		{BB285580-8C9B-49EF-B398-DCBC3D033728}.Debug|Any CPU.ActiveCfg = Debug|Any CPU
		{BB285580-8C9B-49EF-B398-DCBC3D033728}.Debug|Any CPU.Build.0 = Debug|Any CPU
		{BB285580-8C9B-49EF-B398-DCBC3D033728}.Release|Any CPU.ActiveCfg = Release|Any CPU
		{BB285580-8C9B-49EF-B398-DCBC3D033728}.Release|Any CPU.Build.0 = Release|Any CPU
		{CA29A750-D575-45C7-8B5E-C421DF22E0CE}.Debug|Any CPU.ActiveCfg = Debug|Any CPU
		{CA29A750-D575-45C7-8B5E-C421DF22E0CE}.Debug|Any CPU.Build.0 = Debug|Any CPU
		{CA29A750-D575-45C7-8B5E-C421DF22E0CE}.Release|Any CPU.ActiveCfg = Release|Any CPU
		{CA29A750-D575-45C7-8B5E-C421DF22E0CE}.Release|Any CPU.Build.0 = Release|Any CPU
		{3C316D17-CC5E-4444-9FEC-C3386EECCF4F}.Debug|Any CPU.ActiveCfg = Debug|Any CPU
		{3C316D17-CC5E-4444-9FEC-C3386EECCF4F}.Debug|Any CPU.Build.0 = Debug|Any CPU
		{3C316D17-CC5E-4444-9FEC-C3386EECCF4F}.Release|Any CPU.ActiveCfg = Release|Any CPU
		{3C316D17-CC5E-4444-9FEC-C3386EECCF4F}.Release|Any CPU.Build.0 = Release|Any CPU
		{5FF3DBBF-E39E-4742-BF9B-5E97F09A1466}.Debug|Any CPU.ActiveCfg = Debug|Any CPU
		{5FF3DBBF-E39E-4742-BF9B-5E97F09A1466}.Debug|Any CPU.Build.0 = Debug|Any CPU
		{5FF3DBBF-E39E-4742-BF9B-5E97F09A1466}.Release|Any CPU.ActiveCfg = Release|Any CPU
		{5FF3DBBF-E39E-4742-BF9B-5E97F09A1466}.Release|Any CPU.Build.0 = Release|Any CPU
		{725FE093-8E4C-4E9F-8ACE-D9BEC9E54CB7}.Debug|Any CPU.ActiveCfg = Debug|Any CPU
		{725FE093-8E4C-4E9F-8ACE-D9BEC9E54CB7}.Debug|Any CPU.Build.0 = Debug|Any CPU
		{725FE093-8E4C-4E9F-8ACE-D9BEC9E54CB7}.Release|Any CPU.ActiveCfg = Release|Any CPU
		{725FE093-8E4C-4E9F-8ACE-D9BEC9E54CB7}.Release|Any CPU.Build.0 = Release|Any CPU
		{63E8CAE7-A081-45DC-8FA0-5654581CCDD2}.Debug|Any CPU.ActiveCfg = Debug|Any CPU
		{63E8CAE7-A081-45DC-8FA0-5654581CCDD2}.Debug|Any CPU.Build.0 = Debug|Any CPU
		{63E8CAE7-A081-45DC-8FA0-5654581CCDD2}.Release|Any CPU.ActiveCfg = Release|Any CPU
		{63E8CAE7-A081-45DC-8FA0-5654581CCDD2}.Release|Any CPU.Build.0 = Release|Any CPU
	EndGlobalSection
	GlobalSection(SolutionProperties) = preSolution
		HideSolutionNode = FALSE
	EndGlobalSection
	GlobalSection(ExtensibilityGlobals) = postSolution
		SolutionGuid = {503049E8-E902-4092-9E45-BCF0D246ED7D}
	EndGlobalSection
EndGlobal
